// !$*UTF8*$!
{
	archiveVersion = 1;
	classes = {
	};
	objectVersion = 50;
	objects = {

/* Begin PBXBuildFile section */
		ACFFCAEE22E0B39900B9CFF7 /* AppDelegate.swift in Sources */ = {isa = PBXBuildFile; fileRef = ACFFCAED22E0B39900B9CFF7 /* AppDelegate.swift */; };
		ACFFCAF022E0B39900B9CFF7 /* ViewController.swift in Sources */ = {isa = PBXBuildFile; fileRef = ACFFCAEF22E0B39900B9CFF7 /* ViewController.swift */; };
		ACFFCAF322E0B39900B9CFF7 /* Main.storyboard in Resources */ = {isa = PBXBuildFile; fileRef = ACFFCAF122E0B39900B9CFF7 /* Main.storyboard */; };
		ACFFCAF522E0B39D00B9CFF7 /* Assets.xcassets in Resources */ = {isa = PBXBuildFile; fileRef = ACFFCAF422E0B39D00B9CFF7 /* Assets.xcassets */; };
		ACFFCAF822E0B39D00B9CFF7 /* LaunchScreen.storyboard in Resources */ = {isa = PBXBuildFile; fileRef = ACFFCAF622E0B39D00B9CFF7 /* LaunchScreen.storyboard */; };
		ACFFCB0222E0B3F100B9CFF7 /* Decorators.swift in Sources */ = {isa = PBXBuildFile; fileRef = ACFFCB0122E0B3F100B9CFF7 /* Decorators.swift */; };
		ACFFCB0422E1495B00B9CFF7 /* Burger.swift in Sources */ = {isa = PBXBuildFile; fileRef = ACFFCB0322E1495B00B9CFF7 /* Burger.swift */; };
/* End PBXBuildFile section */

/* Begin PBXFileReference section */
		ACFFCAEA22E0B39900B9CFF7 /* The Decorator Pattern.app */ = {isa = PBXFileReference; explicitFileType = wrapper.application; includeInIndex = 0; path = "The Decorator Pattern.app"; sourceTree = BUILT_PRODUCTS_DIR; };
		ACFFCAED22E0B39900B9CFF7 /* AppDelegate.swift */ = {isa = PBXFileReference; lastKnownFileType = sourcecode.swift; path = AppDelegate.swift; sourceTree = "<group>"; };
		ACFFCAEF22E0B39900B9CFF7 /* ViewController.swift */ = {isa = PBXFileReference; lastKnownFileType = sourcecode.swift; path = ViewController.swift; sourceTree = "<group>"; };
		ACFFCAF222E0B39900B9CFF7 /* Base */ = {isa = PBXFileReference; lastKnownFileType = file.storyboard; name = Base; path = Base.lproj/Main.storyboard; sourceTree = "<group>"; };
		ACFFCAF422E0B39D00B9CFF7 /* Assets.xcassets */ = {isa = PBXFileReference; lastKnownFileType = folder.assetcatalog; path = Assets.xcassets; sourceTree = "<group>"; };
		ACFFCAF722E0B39D00B9CFF7 /* Base */ = {isa = PBXFileReference; lastKnownFileType = file.storyboard; name = Base; path = Base.lproj/LaunchScreen.storyboard; sourceTree = "<group>"; };
		ACFFCAF922E0B39D00B9CFF7 /* Info.plist */ = {isa = PBXFileReference; lastKnownFileType = text.plist.xml; path = Info.plist; sourceTree = "<group>"; };
		ACFFCB0122E0B3F100B9CFF7 /* Decorators.swift */ = {isa = PBXFileReference; lastKnownFileType = sourcecode.swift; path = Decorators.swift; sourceTree = "<group>"; };
		ACFFCB0322E1495B00B9CFF7 /* Burger.swift */ = {isa = PBXFileReference; lastKnownFileType = sourcecode.swift; path = Burger.swift; sourceTree = "<group>"; };
/* End PBXFileReference section */

/* Begin PBXFrameworksBuildPhase section */
		ACFFCAE722E0B39900B9CFF7 /* Frameworks */ = {
			isa = PBXFrameworksBuildPhase;
			buildActionMask = 2147483647;
			files = (
			);
			runOnlyForDeploymentPostprocessing = 0;
		};
/* End PBXFrameworksBuildPhase section */

/* Begin PBXGroup section */
		ACFFCAE122E0B39900B9CFF7 = {
			isa = PBXGroup;
			children = (
				ACFFCAEC22E0B39900B9CFF7 /* The Decorator Pattern */,
				ACFFCAEB22E0B39900B9CFF7 /* Products */,
			);
			sourceTree = "<group>";
		};
		ACFFCAEB22E0B39900B9CFF7 /* Products */ = {
			isa = PBXGroup;
			children = (
				ACFFCAEA22E0B39900B9CFF7 /* The Decorator Pattern.app */,
			);
			name = Products;
			sourceTree = "<group>";
		};
		ACFFCAEC22E0B39900B9CFF7 /* The Decorator Pattern */ = {
			isa = PBXGroup;
			children = (
				ACFFCB0022E0B3DB00B9CFF7 /* Protocols */,
				ACFFCAFF22E0B3A800B9CFF7 /* Model */,
				ACFFCAED22E0B39900B9CFF7 /* AppDelegate.swift */,
				ACFFCAEF22E0B39900B9CFF7 /* ViewController.swift */,
				ACFFCAF122E0B39900B9CFF7 /* Main.storyboard */,
				ACFFCAF422E0B39D00B9CFF7 /* Assets.xcassets */,
				ACFFCAF622E0B39D00B9CFF7 /* LaunchScreen.storyboard */,
				ACFFCAF922E0B39D00B9CFF7 /* Info.plist */,
			);
			path = "The Decorator Pattern";
			sourceTree = "<group>";
		};
		ACFFCAFF22E0B3A800B9CFF7 /* Model */ = {
			isa = PBXGroup;
			children = (
				ACFFCB0322E1495B00B9CFF7 /* Burger.swift */,
			);
			path = Model;
			sourceTree = "<group>";
		};
		ACFFCB0022E0B3DB00B9CFF7 /* Protocols */ = {
			isa = PBXGroup;
			children = (
				ACFFCB0122E0B3F100B9CFF7 /* Decorators.swift */,
			);
			path = Protocols;
			sourceTree = "<group>";
		};
/* End PBXGroup section */

/* Begin PBXNativeTarget section */
		ACFFCAE922E0B39900B9CFF7 /* The Decorator Pattern */ = {
			isa = PBXNativeTarget;
			buildConfigurationList = ACFFCAFC22E0B39D00B9CFF7 /* Build configuration list for PBXNativeTarget "The Decorator Pattern" */;
			buildPhases = (
				ACFFCAE622E0B39900B9CFF7 /* Sources */,
				ACFFCAE722E0B39900B9CFF7 /* Frameworks */,
				ACFFCAE822E0B39900B9CFF7 /* Resources */,
			);
			buildRules = (
			);
			dependencies = (
			);
			name = "The Decorator Pattern";
			productName = "The Decorator Pattern";
			productReference = ACFFCAEA22E0B39900B9CFF7 /* The Decorator Pattern.app */;
			productType = "com.apple.product-type.application";
		};
/* End PBXNativeTarget section */

/* Begin PBXProject section */
		ACFFCAE222E0B39900B9CFF7 /* Project object */ = {
			isa = PBXProject;
			attributes = {
				LastSwiftUpdateCheck = 1010;
				LastUpgradeCheck = 1010;
				ORGANIZATIONNAME = "Quinton Quaye";
				TargetAttributes = {
					ACFFCAE922E0B39900B9CFF7 = {
						CreatedOnToolsVersion = 10.1;
					};
				};
			};
			buildConfigurationList = ACFFCAE522E0B39900B9CFF7 /* Build configuration list for PBXProject "The Decorator Pattern" */;
			compatibilityVersion = "Xcode 9.3";
			developmentRegion = en;
			hasScannedForEncodings = 0;
			knownRegions = (
				en,
				Base,
			);
			mainGroup = ACFFCAE122E0B39900B9CFF7;
			productRefGroup = ACFFCAEB22E0B39900B9CFF7 /* Products */;
			projectDirPath = "";
			projectRoot = "";
			targets = (
				ACFFCAE922E0B39900B9CFF7 /* The Decorator Pattern */,
			);
		};
/* End PBXProject section */

/* Begin PBXResourcesBuildPhase section */
		ACFFCAE822E0B39900B9CFF7 /* Resources */ = {
			isa = PBXResourcesBuildPhase;
			buildActionMask = 2147483647;
			files = (
				ACFFCAF822E0B39D00B9CFF7 /* LaunchScreen.storyboard in Resources */,
				ACFFCAF522E0B39D00B9CFF7 /* Assets.xcassets in Resources */,
				ACFFCAF322E0B39900B9CFF7 /* Main.storyboard in Resources */,
			);
			runOnlyForDeploymentPostprocessing = 0;
		};
/* End PBXResourcesBuildPhase section */

/* Begin PBXSourcesBuildPhase section */
		ACFFCAE622E0B39900B9CFF7 /* Sources */ = {
			isa = PBXSourcesBuildPhase;
			buildActionMask = 2147483647;
			files = (
				ACFFCAF022E0B39900B9CFF7 /* ViewController.swift in Sources */,
				ACFFCAEE22E0B39900B9CFF7 /* AppDelegate.swift in Sources */,
				ACFFCB0422E1495B00B9CFF7 /* Burger.swift in Sources */,
				ACFFCB0222E0B3F100B9CFF7 /* Decorators.swift in Sources */,
			);
			runOnlyForDeploymentPostprocessing = 0;
		};
/* End PBXSourcesBuildPhase section */

/* Begin PBXVariantGroup section */
		ACFFCAF122E0B39900B9CFF7 /* Main.storyboard */ = {
			isa = PBXVariantGroup;
			children = (
				ACFFCAF222E0B39900B9CFF7 /* Base */,
			);
			name = Main.storyboard;
			sourceTree = "<group>";
		};
		ACFFCAF622E0B39D00B9CFF7 /* LaunchScreen.storyboard */ = {
			isa = PBXVariantGroup;
			children = (
				ACFFCAF722E0B39D00B9CFF7 /* Base */,
			);
			name = LaunchScreen.storyboard;
			sourceTree = "<group>";
		};
/* End PBXVariantGroup section */

/* Begin XCBuildConfiguration section */
		ACFFCAFA22E0B39D00B9CFF7 /* Debug */ = {
			isa = XCBuildConfiguration;
			buildSettings = {
				ALWAYS_SEARCH_USER_PATHS = NO;
				CLANG_ANALYZER_NONNULL = YES;
				CLANG_ANALYZER_NUMBER_OBJECT_CONVERSION = YES_AGGRESSIVE;
				CLANG_CXX_LANGUAGE_STANDARD = "gnu++14";
				CLANG_CXX_LIBRARY = "libc++";
				CLANG_ENABLE_MODULES = YES;
				CLANG_ENABLE_OBJC_ARC = YES;
				CLANG_ENABLE_OBJC_WEAK = YES;
				CLANG_WARN_BLOCK_CAPTURE_AUTORELEASING = YES;
				CLANG_WARN_BOOL_CONVERSION = YES;
				CLANG_WARN_COMMA = YES;
				CLANG_WARN_CONSTANT_CONVERSION = YES;
				CLANG_WARN_DEPRECATED_OBJC_IMPLEMENTATIONS = YES;
				CLANG_WARN_DIRECT_OBJC_ISA_USAGE = YES_ERROR;
				CLANG_WARN_DOCUMENTATION_COMMENTS = YES;
				CLANG_WARN_EMPTY_BODY = YES;
				CLANG_WARN_ENUM_CONVERSION = YES;
				CLANG_WARN_INFINITE_RECURSION = YES;
				CLANG_WARN_INT_CONVERSION = YES;
				CLANG_WARN_NON_LITERAL_NULL_CONVERSION = YES;
				CLANG_WARN_OBJC_IMPLICIT_RETAIN_SELF = YES;
				CLANG_WARN_OBJC_LITERAL_CONVERSION = YES;
				CLANG_WARN_OBJC_ROOT_CLASS = YES_ERROR;
				CLANG_WARN_RANGE_LOOP_ANALYSIS = YES;
				CLANG_WARN_STRICT_PROTOTYPES = YES;
				CLANG_WARN_SUSPICIOUS_MOVE = YES;
				CLANG_WARN_UNGUARDED_AVAILABILITY = YES_AGGRESSIVE;
				CLANG_WARN_UNREACHABLE_CODE = YES;
				CLANG_WARN__DUPLICATE_METHOD_MATCH = YES;
				CODE_SIGN_IDENTITY = "iPhone Developer";
				COPY_PHASE_STRIP = NO;
				DEBUG_INFORMATION_FORMAT = dwarf;
				ENABLE_STRICT_OBJC_MSGSEND = YES;
				ENABLE_TESTABILITY = YES;
				GCC_C_LANGUAGE_STANDARD = gnu11;
				GCC_DYNAMIC_NO_PIC = NO;
				GCC_NO_COMMON_BLOCKS = YES;
				GCC_OPTIMIZATION_LEVEL = 0;
				GCC_PREPROCESSOR_DEFINITIONS = (
					"DEBUG=1",
					"$(inherited)",
				);
				GCC_WARN_64_TO_32_BIT_CONVERSION = YES;
				GCC_WARN_ABOUT_RETURN_TYPE = YES_ERROR;
				GCC_WARN_UNDECLARED_SELECTOR = YES;
				GCC_WARN_UNINITIALIZED_AUTOS = YES_AGGRESSIVE;
				GCC_WARN_UNUSED_FUNCTION = YES;
				GCC_WARN_UNUSED_VARIABLE = YES;
				IPHONEOS_DEPLOYMENT_TARGET = 12.1;
				MTL_ENABLE_DEBUG_INFO = INCLUDE_SOURCE;
				MTL_FAST_MATH = YES;
				ONLY_ACTIVE_ARCH = YES;
				SDKROOT = iphoneos;
				SWIFT_ACTIVE_COMPILATION_CONDITIONS = DEBUG;
				SWIFT_OPTIMIZATION_LEVEL = "-Onone";
			};
			name = Debug;
		};
		ACFFCAFB22E0B39D00B9CFF7 /* Release */ = {
			isa = XCBuildConfiguration;
			buildSettings = {
				ALWAYS_SEARCH_USER_PATHS = NO;
				CLANG_ANALYZER_NONNULL = YES;
				CLANG_ANALYZER_NUMBER_OBJECT_CONVERSION = YES_AGGRESSIVE;
				CLANG_CXX_LANGUAGE_STANDARD = "gnu++14";
				CLANG_CXX_LIBRARY = "libc++";
				CLANG_ENABLE_MODULES = YES;
				CLANG_ENABLE_OBJC_ARC = YES;
				CLANG_ENABLE_OBJC_WEAK = YES;
				CLANG_WARN_BLOCK_CAPTURE_AUTORELEASING = YES;
				CLANG_WARN_BOOL_CONVERSION = YES;
				CLANG_WARN_COMMA = YES;
				CLANG_WARN_CONSTANT_CONVERSION = YES;
				CLANG_WARN_DEPRECATED_OBJC_IMPLEMENTATIONS = YES;
				CLANG_WARN_DIRECT_OBJC_ISA_USAGE = YES_ERROR;
				CLANG_WARN_DOCUMENTATION_COMMENTS = YES;
				CLANG_WARN_EMPTY_BODY = YES;
				CLANG_WARN_ENUM_CONVERSION = YES;
				CLANG_WARN_INFINITE_RECURSION = YES;
				CLANG_WARN_INT_CONVERSION = YES;
				CLANG_WARN_NON_LITERAL_NULL_CONVERSION = YES;
				CLANG_WARN_OBJC_IMPLICIT_RETAIN_SELF = YES;
				CLANG_WARN_OBJC_LITERAL_CONVERSION = YES;
				CLANG_WARN_OBJC_ROOT_CLASS = YES_ERROR;
				CLANG_WARN_RANGE_LOOP_ANALYSIS = YES;
				CLANG_WARN_STRICT_PROTOTYPES = YES;
				CLANG_WARN_SUSPICIOUS_MOVE = YES;
				CLANG_WARN_UNGUARDED_AVAILABILITY = YES_AGGRESSIVE;
				CLANG_WARN_UNREACHABLE_CODE = YES;
				CLANG_WARN__DUPLICATE_METHOD_MATCH = YES;
				CODE_SIGN_IDENTITY = "iPhone Developer";
				COPY_PHASE_STRIP = NO;
				DEBUG_INFORMATION_FORMAT = "dwarf-with-dsym";
				ENABLE_NS_ASSERTIONS = NO;
				ENABLE_STRICT_OBJC_MSGSEND = YES;
				GCC_C_LANGUAGE_STANDARD = gnu11;
				GCC_NO_COMMON_BLOCKS = YES;
				GCC_WARN_64_TO_32_BIT_CONVERSION = YES;
				GCC_WARN_ABOUT_RETURN_TYPE = YES_ERROR;
				GCC_WARN_UNDECLARED_SELECTOR = YES;
				GCC_WARN_UNINITIALIZED_AUTOS = YES_AGGRESSIVE;
				GCC_WARN_UNUSED_FUNCTION = YES;
				GCC_WARN_UNUSED_VARIABLE = YES;
				IPHONEOS_DEPLOYMENT_TARGET = 12.1;
				MTL_ENABLE_DEBUG_INFO = NO;
				MTL_FAST_MATH = YES;
				SDKROOT = iphoneos;
				SWIFT_COMPILATION_MODE = wholemodule;
				SWIFT_OPTIMIZATION_LEVEL = "-O";
				VALIDATE_PRODUCT = YES;
			};
			name = Release;
		};
		ACFFCAFD22E0B39D00B9CFF7 /* Debug */ = {
			isa = XCBuildConfiguration;
			buildSettings = {
				ASSETCATALOG_COMPILER_APPICON_NAME = AppIcon;
				CODE_SIGN_STYLE = Automatic;
				DEVELOPMENT_TEAM = 4JD3TEP8Z6;
				INFOPLIST_FILE = "The Decorator Pattern/Info.plist";
				LD_RUNPATH_SEARCH_PATHS = (
					"$(inherited)",
					"@executable_path/Frameworks",
				);
				PRODUCT_BUNDLE_IDENTIFIER = "theQ.The-Decorator-Pattern";
				PRODUCT_NAME = "$(TARGET_NAME)";
				SWIFT_VERSION = 4.2;
				TARGETED_DEVICE_FAMILY = "1,2";
			};
			name = Debug;
		};
		ACFFCAFE22E0B39D00B9CFF7 /* Release */ = {
			isa = XCBuildConfiguration;
			buildSettings = {
				ASSETCATALOG_COMPILER_APPICON_NAME = AppIcon;
				CODE_SIGN_STYLE = Automatic;
				DEVELOPMENT_TEAM = 4JD3TEP8Z6;
				INFOPLIST_FILE = "The Decorator Pattern/Info.plist";
				LD_RUNPATH_SEARCH_PATHS = (
					"$(inherited)",
					"@executable_path/Frameworks",
				);
				PRODUCT_BUNDLE_IDENTIFIER = "theQ.The-Decorator-Pattern";
				PRODUCT_NAME = "$(TARGET_NAME)";
				SWIFT_VERSION = 4.2;
				TARGETED_DEVICE_FAMILY = "1,2";
			};
			name = Release;
		};
/* End XCBuildConfiguration section */

/* Begin XCConfigurationList section */
		ACFFCAE522E0B39900B9CFF7 /* Build configuration list for PBXProject "The Decorator Pattern" */ = {
			isa = XCConfigurationList;
			buildConfigurations = (
				ACFFCAFA22E0B39D00B9CFF7 /* Debug */,
				ACFFCAFB22E0B39D00B9CFF7 /* Release */,
			);
			defaultConfigurationIsVisible = 0;
			defaultConfigurationName = Release;
		};
		ACFFCAFC22E0B39D00B9CFF7 /* Build configuration list for PBXNativeTarget "The Decorator Pattern" */ = {
			isa = XCConfigurationList;
			buildConfigurations = (
				ACFFCAFD22E0B39D00B9CFF7 /* Debug */,
				ACFFCAFE22E0B39D00B9CFF7 /* Release */,
			);
			defaultConfigurationIsVisible = 0;
			defaultConfigurationName = Release;
		};
/* End XCConfigurationList section */
	};
	rootObject = ACFFCAE222E0B39900B9CFF7 /* Project object */;
}
